
Microsoft Visual Studio Solution File, Format Version 12.00
# Visual Studio Version 17
VisualStudioVersion = 17.7.34031.279
MinimumVisualStudioVersion = 10.0.40219.1
Project("{FAE04EC0-301F-11D3-BF4B-00C04F79EFBC}") = "ConsoleApp1", "ConsoleApp1\ConsoleApp1.csproj", "{DDF5E722-FE28-4F0A-BA2A-4773D332D0E8}"
EndProject
Global
	GlobalSection(SolutionConfigurationPlatforms) = preSolution
		Debug|Any CPU = Debug|Any CPU
		Release|Any CPU = Release|Any CPU
	EndGlobalSection
	GlobalSection(ProjectConfigurationPlatforms) = postSolution
		{DDF5E722-FE28-4F0A-BA2A-4773D332D0E8}.Debug|Any CPU.ActiveCfg = Debug|Any CPU
		{DDF5E722-FE28-4F0A-BA2A-4773D332D0E8}.Debug|Any CPU.Build.0 = Debug|Any CPU
		{DDF5E722-FE28-4F0A-BA2A-4773D332D0E8}.Release|Any CPU.ActiveCfg = Release|Any CPU
		{DDF5E722-FE28-4F0A-BA2A-4773D332D0E8}.Release|Any CPU.Build.0 = Release|Any CPU
	EndGlobalSection
	GlobalSection(SolutionProperties) = preSolution
		HideSolutionNode = FALSE
	EndGlobalSection
	GlobalSection(ExtensibilityGlobals) = postSolution
		SolutionGuid = {1A946D61-624E-45B9-A09B-45C14A794142}
	EndGlobalSection
EndGlobal
